// !$*UTF8*$!
{
	archiveVersion = 1;
	classes = {
	};
	objectVersion = 50;
	objects = {

/* Begin PBXBuildFile section */
		0E2FF32F23CA76F1009EE20B /* AppDelegate.swift in Sources */ = {isa = PBXBuildFile; fileRef = 0E2FF32E23CA76F1009EE20B /* AppDelegate.swift */; };
		0E2FF33123CA76F1009EE20B /* SceneDelegate.swift in Sources */ = {isa = PBXBuildFile; fileRef = 0E2FF33023CA76F1009EE20B /* SceneDelegate.swift */; };
		0E2FF33323CA76F1009EE20B /* XContentView.swift in Sources */ = {isa = PBXBuildFile; fileRef = 0E2FF33223CA76F1009EE20B /* XContentView.swift */; };
		0E2FF33523CA76F2009EE20B /* Assets.xcassets in Resources */ = {isa = PBXBuildFile; fileRef = 0E2FF33423CA76F2009EE20B /* Assets.xcassets */; };
		0E2FF33823CA76F2009EE20B /* Preview Assets.xcassets in Resources */ = {isa = PBXBuildFile; fileRef = 0E2FF33723CA76F2009EE20B /* Preview Assets.xcassets */; };
		0E2FF33B23CA76F2009EE20B /* LaunchScreen.storyboard in Resources */ = {isa = PBXBuildFile; fileRef = 0E2FF33923CA76F2009EE20B /* LaunchScreen.storyboard */; };
		0E2FF34623CA77E9009EE20B /* Exercise.swift in Sources */ = {isa = PBXBuildFile; fileRef = 0E2FF34223CA77E9009EE20B /* Exercise.swift */; };
		0E2FF34723CA77E9009EE20B /* ExerciseLoader.swift in Sources */ = {isa = PBXBuildFile; fileRef = 0E2FF34323CA77E9009EE20B /* ExerciseLoader.swift */; };
		0E2FF34823CA77E9009EE20B /* ExercisePlayer.swift in Sources */ = {isa = PBXBuildFile; fileRef = 0E2FF34423CA77E9009EE20B /* ExercisePlayer.swift */; };
		0E2FF34923CA77E9009EE20B /* ExerciseController.swift in Sources */ = {isa = PBXBuildFile; fileRef = 0E2FF34523CA77E9009EE20B /* ExerciseController.swift */; };
		0E2FF34C23CA782F009EE20B /* SessionViewModel.swift in Sources */ = {isa = PBXBuildFile; fileRef = 0E2FF34A23CA782F009EE20B /* SessionViewModel.swift */; };
		0E2FF34D23CA782F009EE20B /* Speaker.swift in Sources */ = {isa = PBXBuildFile; fileRef = 0E2FF34B23CA782F009EE20B /* Speaker.swift */; };
		0E2FF34F23CA7871009EE20B /* ExerciseError.swift in Sources */ = {isa = PBXBuildFile; fileRef = 0E2FF34E23CA7871009EE20B /* ExerciseError.swift */; };
		0E2FF35123CA79F1009EE20B /* ContentView.swift in Sources */ = {isa = PBXBuildFile; fileRef = 0E2FF35023CA79F1009EE20B /* ContentView.swift */; };
		0E2FF35323CA7C0F009EE20B /* exercise.json in Resources */ = {isa = PBXBuildFile; fileRef = 0E2FF35223CA7C0F009EE20B /* exercise.json */; };
/* End PBXBuildFile section */

/* Begin PBXFileReference section */
		0E2FF32B23CA76F1009EE20B /* fitmanIOS.app */ = {isa = PBXFileReference; explicitFileType = wrapper.application; includeInIndex = 0; path = fitmanIOS.app; sourceTree = BUILT_PRODUCTS_DIR; };
		0E2FF32E23CA76F1009EE20B /* AppDelegate.swift */ = {isa = PBXFileReference; lastKnownFileType = sourcecode.swift; path = AppDelegate.swift; sourceTree = "<group>"; };
		0E2FF33023CA76F1009EE20B /* SceneDelegate.swift */ = {isa = PBXFileReference; lastKnownFileType = sourcecode.swift; path = SceneDelegate.swift; sourceTree = "<group>"; };
		0E2FF33223CA76F1009EE20B /* XContentView.swift */ = {isa = PBXFileReference; lastKnownFileType = sourcecode.swift; path = XContentView.swift; sourceTree = "<group>"; };
		0E2FF33423CA76F2009EE20B /* Assets.xcassets */ = {isa = PBXFileReference; lastKnownFileType = folder.assetcatalog; path = Assets.xcassets; sourceTree = "<group>"; };
		0E2FF33723CA76F2009EE20B /* Preview Assets.xcassets */ = {isa = PBXFileReference; lastKnownFileType = folder.assetcatalog; path = "Preview Assets.xcassets"; sourceTree = "<group>"; };
		0E2FF33A23CA76F2009EE20B /* Base */ = {isa = PBXFileReference; lastKnownFileType = file.storyboard; name = Base; path = Base.lproj/LaunchScreen.storyboard; sourceTree = "<group>"; };
		0E2FF33C23CA76F2009EE20B /* Info.plist */ = {isa = PBXFileReference; lastKnownFileType = text.plist.xml; path = Info.plist; sourceTree = "<group>"; };
		0E2FF34223CA77E9009EE20B /* Exercise.swift */ = {isa = PBXFileReference; fileEncoding = 4; lastKnownFileType = sourcecode.swift; name = Exercise.swift; path = fitman/Exercise.swift; sourceTree = SOURCE_ROOT; };
		0E2FF34323CA77E9009EE20B /* ExerciseLoader.swift */ = {isa = PBXFileReference; fileEncoding = 4; lastKnownFileType = sourcecode.swift; name = ExerciseLoader.swift; path = fitman/ExerciseLoader.swift; sourceTree = SOURCE_ROOT; };
		0E2FF34423CA77E9009EE20B /* ExercisePlayer.swift */ = {isa = PBXFileReference; fileEncoding = 4; lastKnownFileType = sourcecode.swift; name = ExercisePlayer.swift; path = fitman/ExercisePlayer.swift; sourceTree = SOURCE_ROOT; };
		0E2FF34523CA77E9009EE20B /* ExerciseController.swift */ = {isa = PBXFileReference; fileEncoding = 4; lastKnownFileType = sourcecode.swift; name = ExerciseController.swift; path = fitman/ExerciseController.swift; sourceTree = SOURCE_ROOT; };
		0E2FF34A23CA782F009EE20B /* SessionViewModel.swift */ = {isa = PBXFileReference; fileEncoding = 4; lastKnownFileType = sourcecode.swift; name = SessionViewModel.swift; path = fitman/SessionViewModel.swift; sourceTree = SOURCE_ROOT; };
		0E2FF34B23CA782F009EE20B /* Speaker.swift */ = {isa = PBXFileReference; fileEncoding = 4; lastKnownFileType = sourcecode.swift; name = Speaker.swift; path = fitman/Speaker.swift; sourceTree = SOURCE_ROOT; };
		0E2FF34E23CA7871009EE20B /* ExerciseError.swift */ = {isa = PBXFileReference; fileEncoding = 4; lastKnownFileType = sourcecode.swift; name = ExerciseError.swift; path = fitman/ExerciseError.swift; sourceTree = SOURCE_ROOT; };
		0E2FF35023CA79F1009EE20B /* ContentView.swift */ = {isa = PBXFileReference; fileEncoding = 4; lastKnownFileType = sourcecode.swift; name = ContentView.swift; path = fitman/ContentView.swift; sourceTree = SOURCE_ROOT; };
		0E2FF35223CA7C0F009EE20B /* exercise.json */ = {isa = PBXFileReference; fileEncoding = 4; lastKnownFileType = text.json; path = exercise.json; sourceTree = "<group>"; };
/* End PBXFileReference section */

/* Begin PBXFrameworksBuildPhase section */
		0E2FF32823CA76F1009EE20B /* Frameworks */ = {
			isa = PBXFrameworksBuildPhase;
			buildActionMask = 2147483647;
			files = (
			);
			runOnlyForDeploymentPostprocessing = 0;
		};
/* End PBXFrameworksBuildPhase section */

/* Begin PBXGroup section */
		0E2FF32223CA76F1009EE20B = {
			isa = PBXGroup;
			children = (
				0E2FF32D23CA76F1009EE20B /* fitmanIOS */,
				0E2FF32C23CA76F1009EE20B /* Products */,
			);
			sourceTree = "<group>";
		};
		0E2FF32C23CA76F1009EE20B /* Products */ = {
			isa = PBXGroup;
			children = (
				0E2FF32B23CA76F1009EE20B /* fitmanIOS.app */,
			);
			name = Products;
			sourceTree = "<group>";
		};
		0E2FF32D23CA76F1009EE20B /* fitmanIOS */ = {
			isa = PBXGroup;
			children = (
				0E2FF35223CA7C0F009EE20B /* exercise.json */,
				0E2FF32E23CA76F1009EE20B /* AppDelegate.swift */,
				0E2FF33023CA76F1009EE20B /* SceneDelegate.swift */,
				0E2FF34E23CA7871009EE20B /* ExerciseError.swift */,
				0E2FF34A23CA782F009EE20B /* SessionViewModel.swift */,
				0E2FF34B23CA782F009EE20B /* Speaker.swift */,
				0E2FF34223CA77E9009EE20B /* Exercise.swift */,
				0E2FF34523CA77E9009EE20B /* ExerciseController.swift */,
				0E2FF34323CA77E9009EE20B /* ExerciseLoader.swift */,
				0E2FF34423CA77E9009EE20B /* ExercisePlayer.swift */,
				0E2FF33223CA76F1009EE20B /* XContentView.swift */,
				0E2FF35023CA79F1009EE20B /* ContentView.swift */,
				0E2FF33423CA76F2009EE20B /* Assets.xcassets */,
				0E2FF33923CA76F2009EE20B /* LaunchScreen.storyboard */,
				0E2FF33C23CA76F2009EE20B /* Info.plist */,
				0E2FF33623CA76F2009EE20B /* Preview Content */,
			);
			path = fitmanIOS;
			sourceTree = "<group>";
		};
		0E2FF33623CA76F2009EE20B /* Preview Content */ = {
			isa = PBXGroup;
			children = (
				0E2FF33723CA76F2009EE20B /* Preview Assets.xcassets */,
			);
			path = "Preview Content";
			sourceTree = "<group>";
		};
/* End PBXGroup section */

/* Begin PBXNativeTarget section */
		0E2FF32A23CA76F1009EE20B /* fitmanIOS */ = {
			isa = PBXNativeTarget;
			buildConfigurationList = 0E2FF33F23CA76F2009EE20B /* Build configuration list for PBXNativeTarget "fitmanIOS" */;
			buildPhases = (
				0E2FF32723CA76F1009EE20B /* Sources */,
				0E2FF32823CA76F1009EE20B /* Frameworks */,
				0E2FF32923CA76F1009EE20B /* Resources */,
			);
			buildRules = (
			);
			dependencies = (
			);
			name = fitmanIOS;
			productName = fitmanIOS;
			productReference = 0E2FF32B23CA76F1009EE20B /* fitmanIOS.app */;
			productType = "com.apple.product-type.application";
		};
/* End PBXNativeTarget section */

/* Begin PBXProject section */
		0E2FF32323CA76F1009EE20B /* Project object */ = {
			isa = PBXProject;
			attributes = {
				LastSwiftUpdateCheck = 1120;
				LastUpgradeCheck = 1120;
				ORGANIZATIONNAME = "Robert Blackwell";
				TargetAttributes = {
					0E2FF32A23CA76F1009EE20B = {
						CreatedOnToolsVersion = 11.2.1;
					};
				};
			};
			buildConfigurationList = 0E2FF32623CA76F1009EE20B /* Build configuration list for PBXProject "fitmanIOS" */;
			compatibilityVersion = "Xcode 9.3";
			developmentRegion = en;
			hasScannedForEncodings = 0;
			knownRegions = (
				en,
				Base,
			);
			mainGroup = 0E2FF32223CA76F1009EE20B;
			productRefGroup = 0E2FF32C23CA76F1009EE20B /* Products */;
			projectDirPath = "";
			projectRoot = "";
			targets = (
				0E2FF32A23CA76F1009EE20B /* fitmanIOS */,
			);
		};
/* End PBXProject section */

/* Begin PBXResourcesBuildPhase section */
		0E2FF32923CA76F1009EE20B /* Resources */ = {
			isa = PBXResourcesBuildPhase;
			buildActionMask = 2147483647;
			files = (
				0E2FF33B23CA76F2009EE20B /* LaunchScreen.storyboard in Resources */,
				0E2FF35323CA7C0F009EE20B /* exercise.json in Resources */,
				0E2FF33823CA76F2009EE20B /* Preview Assets.xcassets in Resources */,
				0E2FF33523CA76F2009EE20B /* Assets.xcassets in Resources */,
			);
			runOnlyForDeploymentPostprocessing = 0;
		};
/* End PBXResourcesBuildPhase section */

/* Begin PBXSourcesBuildPhase section */
		0E2FF32723CA76F1009EE20B /* Sources */ = {
			isa = PBXSourcesBuildPhase;
			buildActionMask = 2147483647;
			files = (
				0E2FF34723CA77E9009EE20B /* ExerciseLoader.swift in Sources */,
				0E2FF35123CA79F1009EE20B /* ContentView.swift in Sources */,
				0E2FF34C23CA782F009EE20B /* SessionViewModel.swift in Sources */,
				0E2FF32F23CA76F1009EE20B /* AppDelegate.swift in Sources */,
				0E2FF34623CA77E9009EE20B /* Exercise.swift in Sources */,
				0E2FF33123CA76F1009EE20B /* SceneDelegate.swift in Sources */,
				0E2FF34823CA77E9009EE20B /* ExercisePlayer.swift in Sources */,
				0E2FF34D23CA782F009EE20B /* Speaker.swift in Sources */,
				0E2FF34923CA77E9009EE20B /* ExerciseController.swift in Sources */,
				0E2FF34F23CA7871009EE20B /* ExerciseError.swift in Sources */,
				0E2FF33323CA76F1009EE20B /* XContentView.swift in Sources */,
			);
			runOnlyForDeploymentPostprocessing = 0;
		};
/* End PBXSourcesBuildPhase section */

/* Begin PBXVariantGroup section */
		0E2FF33923CA76F2009EE20B /* LaunchScreen.storyboard */ = {
			isa = PBXVariantGroup;
			children = (
				0E2FF33A23CA76F2009EE20B /* Base */,
			);
			name = LaunchScreen.storyboard;
			sourceTree = "<group>";
		};
/* End PBXVariantGroup section */

/* Begin XCBuildConfiguration section */
		0E2FF33D23CA76F2009EE20B /* Debug */ = {
			isa = XCBuildConfiguration;
			buildSettings = {
				ALWAYS_SEARCH_USER_PATHS = NO;
				CLANG_ANALYZER_NONNULL = YES;
				CLANG_ANALYZER_NUMBER_OBJECT_CONVERSION = YES_AGGRESSIVE;
				CLANG_CXX_LANGUAGE_STANDARD = "gnu++14";
				CLANG_CXX_LIBRARY = "libc++";
				CLANG_ENABLE_MODULES = YES;
				CLANG_ENABLE_OBJC_ARC = YES;
				CLANG_ENABLE_OBJC_WEAK = YES;
				CLANG_WARN_BLOCK_CAPTURE_AUTORELEASING = YES;
				CLANG_WARN_BOOL_CONVERSION = YES;
				CLANG_WARN_COMMA = YES;
				CLANG_WARN_CONSTANT_CONVERSION = YES;
				CLANG_WARN_DEPRECATED_OBJC_IMPLEMENTATIONS = YES;
				CLANG_WARN_DIRECT_OBJC_ISA_USAGE = YES_ERROR;
				CLANG_WARN_DOCUMENTATION_COMMENTS = YES;
				CLANG_WARN_EMPTY_BODY = YES;
				CLANG_WARN_ENUM_CONVERSION = YES;
				CLANG_WARN_INFINITE_RECURSION = YES;
				CLANG_WARN_INT_CONVERSION = YES;
				CLANG_WARN_NON_LITERAL_NULL_CONVERSION = YES;
				CLANG_WARN_OBJC_IMPLICIT_RETAIN_SELF = YES;
				CLANG_WARN_OBJC_LITERAL_CONVERSION = YES;
				CLANG_WARN_OBJC_ROOT_CLASS = YES_ERROR;
				CLANG_WARN_RANGE_LOOP_ANALYSIS = YES;
				CLANG_WARN_STRICT_PROTOTYPES = YES;
				CLANG_WARN_SUSPICIOUS_MOVE = YES;
				CLANG_WARN_UNGUARDED_AVAILABILITY = YES_AGGRESSIVE;
				CLANG_WARN_UNREACHABLE_CODE = YES;
				CLANG_WARN__DUPLICATE_METHOD_MATCH = YES;
				COPY_PHASE_STRIP = NO;
				DEBUG_INFORMATION_FORMAT = dwarf;
				ENABLE_STRICT_OBJC_MSGSEND = YES;
				ENABLE_TESTABILITY = YES;
				GCC_C_LANGUAGE_STANDARD = gnu11;
				GCC_DYNAMIC_NO_PIC = NO;
				GCC_NO_COMMON_BLOCKS = YES;
				GCC_OPTIMIZATION_LEVEL = 0;
				GCC_PREPROCESSOR_DEFINITIONS = (
					"DEBUG=1",
					"$(inherited)",
				);
				GCC_WARN_64_TO_32_BIT_CONVERSION = YES;
				GCC_WARN_ABOUT_RETURN_TYPE = YES_ERROR;
				GCC_WARN_UNDECLARED_SELECTOR = YES;
				GCC_WARN_UNINITIALIZED_AUTOS = YES_AGGRESSIVE;
				GCC_WARN_UNUSED_FUNCTION = YES;
				GCC_WARN_UNUSED_VARIABLE = YES;
				IPHONEOS_DEPLOYMENT_TARGET = 13.2;
				MTL_ENABLE_DEBUG_INFO = INCLUDE_SOURCE;
				MTL_FAST_MATH = YES;
				ONLY_ACTIVE_ARCH = YES;
				SDKROOT = iphoneos;
				SWIFT_ACTIVE_COMPILATION_CONDITIONS = DEBUG;
				SWIFT_OPTIMIZATION_LEVEL = "-Onone";
			};
			name = Debug;
		};
		0E2FF33E23CA76F2009EE20B /* Release */ = {
			isa = XCBuildConfiguration;
			buildSettings = {
				ALWAYS_SEARCH_USER_PATHS = NO;
				CLANG_ANALYZER_NONNULL = YES;
				CLANG_ANALYZER_NUMBER_OBJECT_CONVERSION = YES_AGGRESSIVE;
				CLANG_CXX_LANGUAGE_STANDARD = "gnu++14";
				CLANG_CXX_LIBRARY = "libc++";
				CLANG_ENABLE_MODULES = YES;
				CLANG_ENABLE_OBJC_ARC = YES;
				CLANG_ENABLE_OBJC_WEAK = YES;
				CLANG_WARN_BLOCK_CAPTURE_AUTORELEASING = YES;
				CLANG_WARN_BOOL_CONVERSION = YES;
				CLANG_WARN_COMMA = YES;
				CLANG_WARN_CONSTANT_CONVERSION = YES;
				CLANG_WARN_DEPRECATED_OBJC_IMPLEMENTATIONS = YES;
				CLANG_WARN_DIRECT_OBJC_ISA_USAGE = YES_ERROR;
				CLANG_WARN_DOCUMENTATION_COMMENTS = YES;
				CLANG_WARN_EMPTY_BODY = YES;
				CLANG_WARN_ENUM_CONVERSION = YES;
				CLANG_WARN_INFINITE_RECURSION = YES;
				CLANG_WARN_INT_CONVERSION = YES;
				CLANG_WARN_NON_LITERAL_NULL_CONVERSION = YES;
				CLANG_WARN_OBJC_IMPLICIT_RETAIN_SELF = YES;
				CLANG_WARN_OBJC_LITERAL_CONVERSION = YES;
				CLANG_WARN_OBJC_ROOT_CLASS = YES_ERROR;
				CLANG_WARN_RANGE_LOOP_ANALYSIS = YES;
				CLANG_WARN_STRICT_PROTOTYPES = YES;
				CLANG_WARN_SUSPICIOUS_MOVE = YES;
				CLANG_WARN_UNGUARDED_AVAILABILITY = YES_AGGRESSIVE;
				CLANG_WARN_UNREACHABLE_CODE = YES;
				CLANG_WARN__DUPLICATE_METHOD_MATCH = YES;
				COPY_PHASE_STRIP = NO;
				DEBUG_INFORMATION_FORMAT = "dwarf-with-dsym";
				ENABLE_NS_ASSERTIONS = NO;
				ENABLE_STRICT_OBJC_MSGSEND = YES;
				GCC_C_LANGUAGE_STANDARD = gnu11;
				GCC_NO_COMMON_BLOCKS = YES;
				GCC_WARN_64_TO_32_BIT_CONVERSION = YES;
				GCC_WARN_ABOUT_RETURN_TYPE = YES_ERROR;
				GCC_WARN_UNDECLARED_SELECTOR = YES;
				GCC_WARN_UNINITIALIZED_AUTOS = YES_AGGRESSIVE;
				GCC_WARN_UNUSED_FUNCTION = YES;
				GCC_WARN_UNUSED_VARIABLE = YES;
				IPHONEOS_DEPLOYMENT_TARGET = 13.2;
				MTL_ENABLE_DEBUG_INFO = NO;
				MTL_FAST_MATH = YES;
				SDKROOT = iphoneos;
				SWIFT_COMPILATION_MODE = wholemodule;
				SWIFT_OPTIMIZATION_LEVEL = "-O";
				VALIDATE_PRODUCT = YES;
			};
			name = Release;
		};
		0E2FF34023CA76F2009EE20B /* Debug */ = {
			isa = XCBuildConfiguration;
			buildSettings = {
				ASSETCATALOG_COMPILER_APPICON_NAME = AppIcon;
				CODE_SIGN_STYLE = Automatic;
				DEVELOPMENT_ASSET_PATHS = "\"fitmanIOS/Preview Content\"";
				DEVELOPMENT_TEAM = 53V9JBRS5T;
				ENABLE_PREVIEWS = YES;
				INFOPLIST_FILE = fitmanIOS/Info.plist;
				LD_RUNPATH_SEARCH_PATHS = (
					"$(inherited)",
					"@executable_path/Frameworks",
				);
				PRODUCT_BUNDLE_IDENTIFIER = me.fitmanIOS;
				PRODUCT_NAME = "$(TARGET_NAME)";
				SWIFT_VERSION = 5.0;
				TARGETED_DEVICE_FAMILY = "1,2";
			};
			name = Debug;
		};
		0E2FF34123CA76F2009EE20B /* Release */ = {
			isa = XCBuildConfiguration;
			buildSettings = {
				ASSETCATALOG_COMPILER_APPICON_NAME = AppIcon;
				CODE_SIGN_STYLE = Automatic;
				DEVELOPMENT_ASSET_PATHS = "\"fitmanIOS/Preview Content\"";
				DEVELOPMENT_TEAM = 53V9JBRS5T;
				ENABLE_PREVIEWS = YES;
				INFOPLIST_FILE = fitmanIOS/Info.plist;
				LD_RUNPATH_SEARCH_PATHS = (
					"$(inherited)",
					"@executable_path/Frameworks",
				);
				PRODUCT_BUNDLE_IDENTIFIER = me.fitmanIOS;
				PRODUCT_NAME = "$(TARGET_NAME)";
				SWIFT_VERSION = 5.0;
				TARGETED_DEVICE_FAMILY = "1,2";
			};
			name = Release;
		};
/* End XCBuildConfiguration section */

/* Begin XCConfigurationList section */
		0E2FF32623CA76F1009EE20B /* Build configuration list for PBXProject "fitmanIOS" */ = {
			isa = XCConfigurationList;
			buildConfigurations = (
				0E2FF33D23CA76F2009EE20B /* Debug */,
				0E2FF33E23CA76F2009EE20B /* Release */,
			);
			defaultConfigurationIsVisible = 0;
			defaultConfigurationName = Release;
		};
		0E2FF33F23CA76F2009EE20B /* Build configuration list for PBXNativeTarget "fitmanIOS" */ = {
			isa = XCConfigurationList;
			buildConfigurations = (
				0E2FF34023CA76F2009EE20B /* Debug */,
				0E2FF34123CA76F2009EE20B /* Release */,
			);
			defaultConfigurationIsVisible = 0;
			defaultConfigurationName = Release;
		};
/* End XCConfigurationList section */
	};
	rootObject = 0E2FF32323CA76F1009EE20B /* Project object */;
}
